# This file was autogenerated by Stack.
# You should not edit this file by hand.
# For more information, please see the documentation at:
#   https://docs.haskellstack.org/en/stable/lock_files

packages:
- completed:
    hackage: threepenny-gui-0.9.0.0@sha256:7c46aeb725b6a8a9bb5d6dae20d48e38be802ffd0760df8219885fbd8fa6cad2,9531
    pantry-tree:
      size: 4283
      sha256: 53eaa82035ab1e6ee63e6015537598c09f669cf59c6a12a6584e7f1a99cc42cc
  original:
    hackage: threepenny-gui-0.9.0.0
snapshots:
- completed:
    size: 532177
    url: https://raw.githubusercontent.com/commercialhaskell/stackage-snapshots/master/lts/16/19.yaml
    sha256: d2b828ecf50386841d0c5700b58d38566992e10d63a062af497ab29ab031faa1
  original:
    url: https://raw.githubusercontent.com/commercialhaskell/stackage-snapshots/master/lts/16/19.yaml
